
Microsoft Visual Studio Solution File, Format Version 12.00
# Visual Studio Version 16
VisualStudioVersion = 16.0.33801.447
MinimumVisualStudioVersion = 10.0.40219.1
Project("{FAE04EC0-301F-11D3-BF4B-00C04F79EFBC}") = "ctc225Lab", "ctc225Lab\ctc225Lab.csproj", "{67703A65-08F3-4678-9F71-24B228F93FBC}"
EndProject
Global
	GlobalSection(SolutionConfigurationPlatforms) = preSolution
		Debug|Any CPU = Debug|Any CPU
		Release|Any CPU = Release|Any CPU
	EndGlobalSection
	GlobalSection(ProjectConfigurationPlatforms) = postSolution
		{67703A65-08F3-4678-9F71-24B228F93FBC}.Debug|Any CPU.ActiveCfg = Debug|Any CPU
		{67703A65-08F3-4678-9F71-24B228F93FBC}.Debug|Any CPU.Build.0 = Debug|Any CPU
		{67703A65-08F3-4678-9F71-24B228F93FBC}.Release|Any CPU.ActiveCfg = Release|Any CPU
		{67703A65-08F3-4678-9F71-24B228F93FBC}.Release|Any CPU.Build.0 = Release|Any CPU
	EndGlobalSection
	GlobalSection(SolutionProperties) = preSolution
		HideSolutionNode = FALSE
	EndGlobalSection
	GlobalSection(ExtensibilityGlobals) = postSolution
		SolutionGuid = {62A7A31F-B13A-481C-98D3-75F85ADBAD21}
	EndGlobalSection
EndGlobal
